
Microsoft Visual Studio Solution File, Format Version 12.00
# Visual Studio Version 17
VisualStudioVersion = 17.9.34728.123
MinimumVisualStudioVersion = 10.0.40219.1
Project("{FAE04EC0-301F-11D3-BF4B-00C04F79EFBC}") = "gerenciamentoDeBiblioteca", "gerenciamentoDeBiblioteca.csproj", "{B24AF4CD-A41D-4F90-AB1F-B9189D214841}"
EndProject
Global
	GlobalSection(SolutionConfigurationPlatforms) = preSolution
		Debug|Any CPU = Debug|Any CPU
		Release|Any CPU = Release|Any CPU
	EndGlobalSection
	GlobalSection(ProjectConfigurationPlatforms) = postSolution
		{B24AF4CD-A41D-4F90-AB1F-B9189D214841}.Debug|Any CPU.ActiveCfg = Debug|Any CPU
		{B24AF4CD-A41D-4F90-AB1F-B9189D214841}.Debug|Any CPU.Build.0 = Debug|Any CPU
		{B24AF4CD-A41D-4F90-AB1F-B9189D214841}.Release|Any CPU.ActiveCfg = Release|Any CPU
		{B24AF4CD-A41D-4F90-AB1F-B9189D214841}.Release|Any CPU.Build.0 = Release|Any CPU
	EndGlobalSection
	GlobalSection(SolutionProperties) = preSolution
		HideSolutionNode = FALSE
	EndGlobalSection
	GlobalSection(ExtensibilityGlobals) = postSolution
		SolutionGuid = {D59956FA-3C1C-41B6-BA37-3DD5AC00EC18}
	EndGlobalSection
EndGlobal
